{
  "name": "remex",
  "lockfileVersion": 3,
  "requires": true,
  "packages": {
    "": {
      "devDependencies": {
        "@danilocampos/coherence": "^0.37.1"
      }
    },
    "node_modules/@danilocampos/coherence": {
      "version": "0.37.1",
      "resolved": "https://registry.npmjs.org/@danilocampos/coherence/-/coherence-0.37.1.tgz",
      "integrity": "sha512-1084I2ZFPfbX6GPqjajlICetNbb2MV9+bqntH2rbXs2IBwUXDuPls8uThyCMxyU8U0srZbStiguXvN4ydt/x2Q==",
      "dev": true,
      "license": "MIT",
      "dependencies": {
        "web-tree-sitter": "^0.26.12"
      },
      "bin": {
        "coherence": "dist/cli.js",
        "coherence-hook": "dist/hook-cli.js"
      },
      "engines": {
        "node": ">=22"
      }
    },
    "node_modules/web-tree-sitter": {
      "version": "0.26.13",
      "resolved": "https://registry.npmjs.org/web-tree-sitter/-/web-tree-sitter-0.26.13.tgz",
      "integrity": "sha512-5bUZ7vbQ1kcondet96wzP974+JfCZDeQ7bTpacICm2nnvHpa5cO0ByRsoMcAhUP+743vpkb4m0BFlVSm+Ye9VA==",
      "dev": true,
      "license": "MIT"
    }
  }
}
